// !$*UTF8*$!
{
	archiveVersion = 1;
	classes = {
	};
	objectVersion = 50;
	objects = {

/* Begin PBXBuildFile section */
		8D099DF6219D3518006B0BE1 /* AudioToolbox.framework in Frameworks */ = {isa = PBXBuildFile; fileRef = 8D099DF5219D3518006B0BE1 /* AudioToolbox.framework */; };
		8D2382072176A31C009A39AC /* SwipingViewController.swift in Sources */ = {isa = PBXBuildFile; fileRef = 8D2382062176A31C009A39AC /* SwipingViewController.swift */; };
		8D2382092176A4D2009A39AC /* Swiping.plist in Resources */ = {isa = PBXBuildFile; fileRef = 8D2382082176A4D2009A39AC /* Swiping.plist */; };
		FB04CF78219F1A3E00B4BBC8 /* background-music.mp3 in Resources */ = {isa = PBXBuildFile; fileRef = FB04CF77219F1A3E00B4BBC8 /* background-music.mp3 */; };
		FB04DFBC2199CDC4008D8B41 /* OptionsViewController.swift in Sources */ = {isa = PBXBuildFile; fileRef = FB04DFBB2199CDC4008D8B41 /* OptionsViewController.swift */; };
		FB0D4B18219A33D400BA2E41 /* AboutViewController.swift in Sources */ = {isa = PBXBuildFile; fileRef = FB0D4B17219A33D400BA2E41 /* AboutViewController.swift */; };
		FB0D4B1C219A3BA400BA2E41 /* wrong.mp3 in Resources */ = {isa = PBXBuildFile; fileRef = FB0D4B1A219A3BA400BA2E41 /* wrong.mp3 */; };
		FB0D4B1E219A3CDB00BA2E41 /* correct.mp3 in Resources */ = {isa = PBXBuildFile; fileRef = FB0D4B1D219A3CDB00BA2E41 /* correct.mp3 */; };
		FB3D0918217F81E100DF3CB5 /* RetroViewController.swift in Sources */ = {isa = PBXBuildFile; fileRef = FB3D0917217F81E100DF3CB5 /* RetroViewController.swift */; };
		FB503E1321763B2A003C3874 /* FreeFallViewController.swift in Sources */ = {isa = PBXBuildFile; fileRef = FB503E1221763B2A003C3874 /* FreeFallViewController.swift */; };
		FB503E1521763C4B003C3874 /* Option.swift in Sources */ = {isa = PBXBuildFile; fileRef = FB503E1421763C4B003C3874 /* Option.swift */; };
		FB503E1A217648F7003C3874 /* FreeFallData.plist in Resources */ = {isa = PBXBuildFile; fileRef = FB503E18217640C0003C3874 /* FreeFallData.plist */; };
		FB8A88FA21778E7400B858C1 /* MinijuegosViewController.swift in Sources */ = {isa = PBXBuildFile; fileRef = FB8A88F921778E7300B858C1 /* MinijuegosViewController.swift */; };
		FBAB2A7D216FDF2A00E982F3 /* AppDelegate.swift in Sources */ = {isa = PBXBuildFile; fileRef = FBAB2A7C216FDF2A00E982F3 /* AppDelegate.swift */; };
		FBAB2A7F216FDF2A00E982F3 /* ViewController.swift in Sources */ = {isa = PBXBuildFile; fileRef = FBAB2A7E216FDF2A00E982F3 /* ViewController.swift */; };
		FBAB2A82216FDF2A00E982F3 /* Main.storyboard in Resources */ = {isa = PBXBuildFile; fileRef = FBAB2A80216FDF2A00E982F3 /* Main.storyboard */; };
		FBAB2A84216FDF2A00E982F3 /* Assets.xcassets in Resources */ = {isa = PBXBuildFile; fileRef = FBAB2A83216FDF2A00E982F3 /* Assets.xcassets */; };
		FBAB2A87216FDF2A00E982F3 /* LaunchScreen.storyboard in Resources */ = {isa = PBXBuildFile; fileRef = FBAB2A85216FDF2A00E982F3 /* LaunchScreen.storyboard */; };
		FBD2A7622191E25A005F71B6 /* clock-sound.mp3 in Resources */ = {isa = PBXBuildFile; fileRef = FBD2A7612191E25A005F71B6 /* clock-sound.mp3 */; };
		FBD2A7642191E494005F71B6 /* time-over.mp3 in Resources */ = {isa = PBXBuildFile; fileRef = FBD2A7632191E494005F71B6 /* time-over.mp3 */; };
		FBDBED3D2190F009002641D9 /* CatchUpViewController.swift in Sources */ = {isa = PBXBuildFile; fileRef = FBDBED3C2190F009002641D9 /* CatchUpViewController.swift */; };
/* End PBXBuildFile section */

/* Begin PBXFileReference section */
		8D099DF5219D3518006B0BE1 /* AudioToolbox.framework */ = {isa = PBXFileReference; lastKnownFileType = wrapper.framework; name = AudioToolbox.framework; path = System/Library/Frameworks/AudioToolbox.framework; sourceTree = SDKROOT; };
		8D2382062176A31C009A39AC /* SwipingViewController.swift */ = {isa = PBXFileReference; lastKnownFileType = sourcecode.swift; path = SwipingViewController.swift; sourceTree = "<group>"; };
		8D2382082176A4D2009A39AC /* Swiping.plist */ = {isa = PBXFileReference; lastKnownFileType = text.plist.xml; path = Swiping.plist; sourceTree = "<group>"; };
		FB04CF77219F1A3E00B4BBC8 /* background-music.mp3 */ = {isa = PBXFileReference; lastKnownFileType = audio.mp3; path = "background-music.mp3"; sourceTree = "<group>"; };
		FB04DFBB2199CDC4008D8B41 /* OptionsViewController.swift */ = {isa = PBXFileReference; lastKnownFileType = sourcecode.swift; path = OptionsViewController.swift; sourceTree = "<group>"; };
		FB0D4B17219A33D400BA2E41 /* AboutViewController.swift */ = {isa = PBXFileReference; lastKnownFileType = sourcecode.swift; path = AboutViewController.swift; sourceTree = "<group>"; };
		FB0D4B1A219A3BA400BA2E41 /* wrong.mp3 */ = {isa = PBXFileReference; lastKnownFileType = audio.mp3; path = wrong.mp3; sourceTree = "<group>"; };
		FB0D4B1D219A3CDB00BA2E41 /* correct.mp3 */ = {isa = PBXFileReference; lastKnownFileType = audio.mp3; path = correct.mp3; sourceTree = "<group>"; };
		FB3D0917217F81E100DF3CB5 /* RetroViewController.swift */ = {isa = PBXFileReference; lastKnownFileType = sourcecode.swift; path = RetroViewController.swift; sourceTree = "<group>"; };
		FB503E1221763B2A003C3874 /* FreeFallViewController.swift */ = {isa = PBXFileReference; lastKnownFileType = sourcecode.swift; path = FreeFallViewController.swift; sourceTree = "<group>"; };
		FB503E1421763C4B003C3874 /* Option.swift */ = {isa = PBXFileReference; lastKnownFileType = sourcecode.swift; path = Option.swift; sourceTree = "<group>"; };
		FB503E18217640C0003C3874 /* FreeFallData.plist */ = {isa = PBXFileReference; lastKnownFileType = text.plist.xml; path = FreeFallData.plist; sourceTree = "<group>"; };
		FB8A88F921778E7300B858C1 /* MinijuegosViewController.swift */ = {isa = PBXFileReference; lastKnownFileType = sourcecode.swift; path = MinijuegosViewController.swift; sourceTree = "<group>"; };
		FBAB2A79216FDF2A00E982F3 /* TildeApp.app */ = {isa = PBXFileReference; explicitFileType = wrapper.application; includeInIndex = 0; path = TildeApp.app; sourceTree = BUILT_PRODUCTS_DIR; };
		FBAB2A7C216FDF2A00E982F3 /* AppDelegate.swift */ = {isa = PBXFileReference; lastKnownFileType = sourcecode.swift; path = AppDelegate.swift; sourceTree = "<group>"; };
		FBAB2A7E216FDF2A00E982F3 /* ViewController.swift */ = {isa = PBXFileReference; lastKnownFileType = sourcecode.swift; path = ViewController.swift; sourceTree = "<group>"; };
		FBAB2A81216FDF2A00E982F3 /* Base */ = {isa = PBXFileReference; lastKnownFileType = file.storyboard; name = Base; path = Base.lproj/Main.storyboard; sourceTree = "<group>"; };
		FBAB2A83216FDF2A00E982F3 /* Assets.xcassets */ = {isa = PBXFileReference; lastKnownFileType = folder.assetcatalog; path = Assets.xcassets; sourceTree = "<group>"; };
		FBAB2A86216FDF2A00E982F3 /* Base */ = {isa = PBXFileReference; lastKnownFileType = file.storyboard; name = Base; path = Base.lproj/LaunchScreen.storyboard; sourceTree = "<group>"; };
		FBAB2A88216FDF2A00E982F3 /* Info.plist */ = {isa = PBXFileReference; lastKnownFileType = text.plist.xml; path = Info.plist; sourceTree = "<group>"; };
		FBD2A7612191E25A005F71B6 /* clock-sound.mp3 */ = {isa = PBXFileReference; lastKnownFileType = audio.mp3; path = "clock-sound.mp3"; sourceTree = "<group>"; };
		FBD2A7632191E494005F71B6 /* time-over.mp3 */ = {isa = PBXFileReference; lastKnownFileType = audio.mp3; path = "time-over.mp3"; sourceTree = "<group>"; };
		FBDBED3C2190F009002641D9 /* CatchUpViewController.swift */ = {isa = PBXFileReference; lastKnownFileType = sourcecode.swift; path = CatchUpViewController.swift; sourceTree = "<group>"; };
/* End PBXFileReference section */

/* Begin PBXFrameworksBuildPhase section */
		FBAB2A76216FDF2A00E982F3 /* Frameworks */ = {
			isa = PBXFrameworksBuildPhase;
			buildActionMask = 2147483647;
			files = (
				8D099DF6219D3518006B0BE1 /* AudioToolbox.framework in Frameworks */,
			);
			runOnlyForDeploymentPostprocessing = 0;
		};
/* End PBXFrameworksBuildPhase section */

/* Begin PBXGroup section */
		8D099DF4219D3518006B0BE1 /* Frameworks */ = {
			isa = PBXGroup;
			children = (
				8D099DF5219D3518006B0BE1 /* AudioToolbox.framework */,
			);
			name = Frameworks;
			sourceTree = "<group>";
		};
		FB04CF79219F1A7800B4BBC8 /* music_and_sounds */ = {
			isa = PBXGroup;
			children = (
				FB0D4B1A219A3BA400BA2E41 /* wrong.mp3 */,
				FBD2A7632191E494005F71B6 /* time-over.mp3 */,
				FB0D4B1D219A3CDB00BA2E41 /* correct.mp3 */,
				FB04CF77219F1A3E00B4BBC8 /* background-music.mp3 */,
				FBD2A7612191E25A005F71B6 /* clock-sound.mp3 */,
			);
			path = music_and_sounds;
			sourceTree = "<group>";
		};
		FB04CF7A219F1AB900B4BBC8 /* viewcontrollers */ = {
			isa = PBXGroup;
			children = (
				FB04CF7B219F1AF100B4BBC8 /* games */,
				FBAB2A7E216FDF2A00E982F3 /* ViewController.swift */,
				FB3D0917217F81E100DF3CB5 /* RetroViewController.swift */,
				FB0D4B17219A33D400BA2E41 /* AboutViewController.swift */,
				FB04DFBB2199CDC4008D8B41 /* OptionsViewController.swift */,
				FB8A88F921778E7300B858C1 /* MinijuegosViewController.swift */,
			);
			path = viewcontrollers;
			sourceTree = "<group>";
		};
		FB04CF7B219F1AF100B4BBC8 /* games */ = {
			isa = PBXGroup;
			children = (
				FB503E1221763B2A003C3874 /* FreeFallViewController.swift */,
				8D2382062176A31C009A39AC /* SwipingViewController.swift */,
				FBDBED3C2190F009002641D9 /* CatchUpViewController.swift */,
			);
			path = games;
			sourceTree = "<group>";
		};
		FB04CF7C219F1B1600B4BBC8 /* data */ = {
			isa = PBXGroup;
			children = (
				FB503E18217640C0003C3874 /* FreeFallData.plist */,
				8D2382082176A4D2009A39AC /* Swiping.plist */,
			);
			path = data;
			sourceTree = "<group>";
		};
		FBAB2A70216FDF2A00E982F3 = {
			isa = PBXGroup;
			children = (
				FBAB2A7B216FDF2A00E982F3 /* TildeApp */,
				FBAB2A7A216FDF2A00E982F3 /* Products */,
				8D099DF4219D3518006B0BE1 /* Frameworks */,
			);
			sourceTree = "<group>";
		};
		FBAB2A7A216FDF2A00E982F3 /* Products */ = {
			isa = PBXGroup;
			children = (
				FBAB2A79216FDF2A00E982F3 /* TildeApp.app */,
			);
			name = Products;
			sourceTree = "<group>";
		};
		FBAB2A7B216FDF2A00E982F3 /* TildeApp */ = {
			isa = PBXGroup;
			children = (
				FB04CF7C219F1B1600B4BBC8 /* data */,
				FB04CF7A219F1AB900B4BBC8 /* viewcontrollers */,
				FB04CF79219F1A7800B4BBC8 /* music_and_sounds */,
				FBAB2A7C216FDF2A00E982F3 /* AppDelegate.swift */,
				FBAB2A80216FDF2A00E982F3 /* Main.storyboard */,
				FB503E1421763C4B003C3874 /* Option.swift */,
				FBAB2A83216FDF2A00E982F3 /* Assets.xcassets */,
				FBAB2A85216FDF2A00E982F3 /* LaunchScreen.storyboard */,
				FBAB2A88216FDF2A00E982F3 /* Info.plist */,
			);
			path = TildeApp;
			sourceTree = "<group>";
		};
/* End PBXGroup section */

/* Begin PBXNativeTarget section */
		FBAB2A78216FDF2A00E982F3 /* TildeApp */ = {
			isa = PBXNativeTarget;
			buildConfigurationList = FBAB2A8B216FDF2A00E982F3 /* Build configuration list for PBXNativeTarget "TildeApp" */;
			buildPhases = (
				FBAB2A75216FDF2A00E982F3 /* Sources */,
				FBAB2A76216FDF2A00E982F3 /* Frameworks */,
				FBAB2A77216FDF2A00E982F3 /* Resources */,
			);
			buildRules = (
			);
			dependencies = (
			);
			name = TildeApp;
			productName = Project;
			productReference = FBAB2A79216FDF2A00E982F3 /* TildeApp.app */;
			productType = "com.apple.product-type.application";
		};
/* End PBXNativeTarget section */

/* Begin PBXProject section */
		FBAB2A71216FDF2A00E982F3 /* Project object */ = {
			isa = PBXProject;
			attributes = {
				LastSwiftUpdateCheck = 1000;
				LastUpgradeCheck = 1000;
				ORGANIZATIONNAME = itesm;
				TargetAttributes = {
					FBAB2A78216FDF2A00E982F3 = {
						CreatedOnToolsVersion = 10.0;
					};
				};
			};
			buildConfigurationList = FBAB2A74216FDF2A00E982F3 /* Build configuration list for PBXProject "TildeApp" */;
			compatibilityVersion = "Xcode 9.3";
			developmentRegion = en;
			hasScannedForEncodings = 0;
			knownRegions = (
				en,
				Base,
			);
			mainGroup = FBAB2A70216FDF2A00E982F3;
			productRefGroup = FBAB2A7A216FDF2A00E982F3 /* Products */;
			projectDirPath = "";
			projectRoot = "";
			targets = (
				FBAB2A78216FDF2A00E982F3 /* TildeApp */,
			);
		};
/* End PBXProject section */

/* Begin PBXResourcesBuildPhase section */
		FBAB2A77216FDF2A00E982F3 /* Resources */ = {
			isa = PBXResourcesBuildPhase;
			buildActionMask = 2147483647;
			files = (
				8D2382092176A4D2009A39AC /* Swiping.plist in Resources */,
				FBAB2A87216FDF2A00E982F3 /* LaunchScreen.storyboard in Resources */,
				FB04CF78219F1A3E00B4BBC8 /* background-music.mp3 in Resources */,
				FBAB2A84216FDF2A00E982F3 /* Assets.xcassets in Resources */,
				FB0D4B1C219A3BA400BA2E41 /* wrong.mp3 in Resources */,
				FBD2A7642191E494005F71B6 /* time-over.mp3 in Resources */,
				FBAB2A82216FDF2A00E982F3 /* Main.storyboard in Resources */,
				FB503E1A217648F7003C3874 /* FreeFallData.plist in Resources */,
				FB0D4B1E219A3CDB00BA2E41 /* correct.mp3 in Resources */,
				FBD2A7622191E25A005F71B6 /* clock-sound.mp3 in Resources */,
			);
			runOnlyForDeploymentPostprocessing = 0;
		};
/* End PBXResourcesBuildPhase section */

/* Begin PBXSourcesBuildPhase section */
		FBAB2A75216FDF2A00E982F3 /* Sources */ = {
			isa = PBXSourcesBuildPhase;
			buildActionMask = 2147483647;
			files = (
				FB503E1521763C4B003C3874 /* Option.swift in Sources */,
				FB3D0918217F81E100DF3CB5 /* RetroViewController.swift in Sources */,
				FBAB2A7F216FDF2A00E982F3 /* ViewController.swift in Sources */,
				FB503E1321763B2A003C3874 /* FreeFallViewController.swift in Sources */,
				8D2382072176A31C009A39AC /* SwipingViewController.swift in Sources */,
				FBDBED3D2190F009002641D9 /* CatchUpViewController.swift in Sources */,
				FBAB2A7D216FDF2A00E982F3 /* AppDelegate.swift in Sources */,
				FB8A88FA21778E7400B858C1 /* MinijuegosViewController.swift in Sources */,
				FB0D4B18219A33D400BA2E41 /* AboutViewController.swift in Sources */,
				FB04DFBC2199CDC4008D8B41 /* OptionsViewController.swift in Sources */,
			);
			runOnlyForDeploymentPostprocessing = 0;
		};
/* End PBXSourcesBuildPhase section */

/* Begin PBXVariantGroup section */
		FBAB2A80216FDF2A00E982F3 /* Main.storyboard */ = {
			isa = PBXVariantGroup;
			children = (
				FBAB2A81216FDF2A00E982F3 /* Base */,
			);
			name = Main.storyboard;
			sourceTree = "<group>";
		};
		FBAB2A85216FDF2A00E982F3 /* LaunchScreen.storyboard */ = {
			isa = PBXVariantGroup;
			children = (
				FBAB2A86216FDF2A00E982F3 /* Base */,
			);
			name = LaunchScreen.storyboard;
			sourceTree = "<group>";
		};
/* End PBXVariantGroup section */

/* Begin XCBuildConfiguration section */
		FBAB2A89216FDF2A00E982F3 /* Debug */ = {
			isa = XCBuildConfiguration;
			buildSettings = {
				ALWAYS_SEARCH_USER_PATHS = NO;
				CLANG_ANALYZER_NONNULL = YES;
				CLANG_ANALYZER_NUMBER_OBJECT_CONVERSION = YES_AGGRESSIVE;
				CLANG_CXX_LANGUAGE_STANDARD = "gnu++14";
				CLANG_CXX_LIBRARY = "libc++";
				CLANG_ENABLE_MODULES = YES;
				CLANG_ENABLE_OBJC_ARC = YES;
				CLANG_ENABLE_OBJC_WEAK = YES;
				CLANG_WARN_BLOCK_CAPTURE_AUTORELEASING = YES;
				CLANG_WARN_BOOL_CONVERSION = YES;
				CLANG_WARN_COMMA = YES;
				CLANG_WARN_CONSTANT_CONVERSION = YES;
				CLANG_WARN_DEPRECATED_OBJC_IMPLEMENTATIONS = YES;
				CLANG_WARN_DIRECT_OBJC_ISA_USAGE = YES_ERROR;
				CLANG_WARN_DOCUMENTATION_COMMENTS = YES;
				CLANG_WARN_EMPTY_BODY = YES;
				CLANG_WARN_ENUM_CONVERSION = YES;
				CLANG_WARN_INFINITE_RECURSION = YES;
				CLANG_WARN_INT_CONVERSION = YES;
				CLANG_WARN_NON_LITERAL_NULL_CONVERSION = YES;
				CLANG_WARN_OBJC_IMPLICIT_RETAIN_SELF = YES;
				CLANG_WARN_OBJC_LITERAL_CONVERSION = YES;
				CLANG_WARN_OBJC_ROOT_CLASS = YES_ERROR;
				CLANG_WARN_RANGE_LOOP_ANALYSIS = YES;
				CLANG_WARN_STRICT_PROTOTYPES = YES;
				CLANG_WARN_SUSPICIOUS_MOVE = YES;
				CLANG_WARN_UNGUARDED_AVAILABILITY = YES_AGGRESSIVE;
				CLANG_WARN_UNREACHABLE_CODE = YES;
				CLANG_WARN__DUPLICATE_METHOD_MATCH = YES;
				CODE_SIGN_IDENTITY = "iPhone Developer";
				COPY_PHASE_STRIP = NO;
				DEBUG_INFORMATION_FORMAT = dwarf;
				ENABLE_STRICT_OBJC_MSGSEND = YES;
				ENABLE_TESTABILITY = YES;
				GCC_C_LANGUAGE_STANDARD = gnu11;
				GCC_DYNAMIC_NO_PIC = NO;
				GCC_NO_COMMON_BLOCKS = YES;
				GCC_OPTIMIZATION_LEVEL = 0;
				GCC_PREPROCESSOR_DEFINITIONS = (
					"DEBUG=1",
					"$(inherited)",
				);
				GCC_WARN_64_TO_32_BIT_CONVERSION = YES;
				GCC_WARN_ABOUT_RETURN_TYPE = YES_ERROR;
				GCC_WARN_UNDECLARED_SELECTOR = YES;
				GCC_WARN_UNINITIALIZED_AUTOS = YES_AGGRESSIVE;
				GCC_WARN_UNUSED_FUNCTION = YES;
				GCC_WARN_UNUSED_VARIABLE = YES;
				IPHONEOS_DEPLOYMENT_TARGET = 12.0;
				MTL_ENABLE_DEBUG_INFO = INCLUDE_SOURCE;
				MTL_FAST_MATH = YES;
				ONLY_ACTIVE_ARCH = YES;
				SDKROOT = iphoneos;
				SWIFT_ACTIVE_COMPILATION_CONDITIONS = DEBUG;
				SWIFT_OPTIMIZATION_LEVEL = "-Onone";
			};
			name = Debug;
		};
		FBAB2A8A216FDF2A00E982F3 /* Release */ = {
			isa = XCBuildConfiguration;
			buildSettings = {
				ALWAYS_SEARCH_USER_PATHS = NO;
				CLANG_ANALYZER_NONNULL = YES;
				CLANG_ANALYZER_NUMBER_OBJECT_CONVERSION = YES_AGGRESSIVE;
				CLANG_CXX_LANGUAGE_STANDARD = "gnu++14";
				CLANG_CXX_LIBRARY = "libc++";
				CLANG_ENABLE_MODULES = YES;
				CLANG_ENABLE_OBJC_ARC = YES;
				CLANG_ENABLE_OBJC_WEAK = YES;
				CLANG_WARN_BLOCK_CAPTURE_AUTORELEASING = YES;
				CLANG_WARN_BOOL_CONVERSION = YES;
				CLANG_WARN_COMMA = YES;
				CLANG_WARN_CONSTANT_CONVERSION = YES;
				CLANG_WARN_DEPRECATED_OBJC_IMPLEMENTATIONS = YES;
				CLANG_WARN_DIRECT_OBJC_ISA_USAGE = YES_ERROR;
				CLANG_WARN_DOCUMENTATION_COMMENTS = YES;
				CLANG_WARN_EMPTY_BODY = YES;
				CLANG_WARN_ENUM_CONVERSION = YES;
				CLANG_WARN_INFINITE_RECURSION = YES;
				CLANG_WARN_INT_CONVERSION = YES;
				CLANG_WARN_NON_LITERAL_NULL_CONVERSION = YES;
				CLANG_WARN_OBJC_IMPLICIT_RETAIN_SELF = YES;
				CLANG_WARN_OBJC_LITERAL_CONVERSION = YES;
				CLANG_WARN_OBJC_ROOT_CLASS = YES_ERROR;
				CLANG_WARN_RANGE_LOOP_ANALYSIS = YES;
				CLANG_WARN_STRICT_PROTOTYPES = YES;
				CLANG_WARN_SUSPICIOUS_MOVE = YES;
				CLANG_WARN_UNGUARDED_AVAILABILITY = YES_AGGRESSIVE;
				CLANG_WARN_UNREACHABLE_CODE = YES;
				CLANG_WARN__DUPLICATE_METHOD_MATCH = YES;
				CODE_SIGN_IDENTITY = "iPhone Developer";
				COPY_PHASE_STRIP = NO;
				DEBUG_INFORMATION_FORMAT = "dwarf-with-dsym";
				ENABLE_NS_ASSERTIONS = NO;
				ENABLE_STRICT_OBJC_MSGSEND = YES;
				GCC_C_LANGUAGE_STANDARD = gnu11;
				GCC_NO_COMMON_BLOCKS = YES;
				GCC_WARN_64_TO_32_BIT_CONVERSION = YES;
				GCC_WARN_ABOUT_RETURN_TYPE = YES_ERROR;
				GCC_WARN_UNDECLARED_SELECTOR = YES;
				GCC_WARN_UNINITIALIZED_AUTOS = YES_AGGRESSIVE;
				GCC_WARN_UNUSED_FUNCTION = YES;
				GCC_WARN_UNUSED_VARIABLE = YES;
				IPHONEOS_DEPLOYMENT_TARGET = 12.0;
				MTL_ENABLE_DEBUG_INFO = NO;
				MTL_FAST_MATH = YES;
				SDKROOT = iphoneos;
				SWIFT_COMPILATION_MODE = wholemodule;
				SWIFT_OPTIMIZATION_LEVEL = "-O";
				VALIDATE_PRODUCT = YES;
			};
			name = Release;
		};
		FBAB2A8C216FDF2A00E982F3 /* Debug */ = {
			isa = XCBuildConfiguration;
			buildSettings = {
				ASSETCATALOG_COMPILER_APPICON_NAME = AppIcon;
				CODE_SIGN_IDENTITY = "iPhone Developer";
				CODE_SIGN_STYLE = Automatic;
				DEVELOPMENT_TEAM = A7PK93C8LS;
				INFOPLIST_FILE = TildeApp/Info.plist;
				IPHONEOS_DEPLOYMENT_TARGET = 11.3;
				LD_RUNPATH_SEARCH_PATHS = (
					"$(inherited)",
					"@executable_path/Frameworks",
				);
				PRODUCT_BUNDLE_IDENTIFIER = edu.itesmalumnos.tilde;
				PRODUCT_NAME = "$(TARGET_NAME)";
				PROVISIONING_PROFILE_SPECIFIER = "";
				SWIFT_VERSION = 4.2;
				TARGETED_DEVICE_FAMILY = "1,2";
			};
			name = Debug;
		};
		FBAB2A8D216FDF2A00E982F3 /* Release */ = {
			isa = XCBuildConfiguration;
			buildSettings = {
				ASSETCATALOG_COMPILER_APPICON_NAME = AppIcon;
				CODE_SIGN_IDENTITY = "iPhone Developer";
				CODE_SIGN_STYLE = Automatic;
				DEVELOPMENT_TEAM = A7PK93C8LS;
				INFOPLIST_FILE = TildeApp/Info.plist;
				IPHONEOS_DEPLOYMENT_TARGET = 11.3;
				LD_RUNPATH_SEARCH_PATHS = (
					"$(inherited)",
					"@executable_path/Frameworks",
				);
				PRODUCT_BUNDLE_IDENTIFIER = edu.itesmalumnos.tilde;
				PRODUCT_NAME = "$(TARGET_NAME)";
				PROVISIONING_PROFILE_SPECIFIER = "";
				SWIFT_VERSION = 4.2;
				TARGETED_DEVICE_FAMILY = "1,2";
			};
			name = Release;
		};
/* End XCBuildConfiguration section */

/* Begin XCConfigurationList section */
		FBAB2A74216FDF2A00E982F3 /* Build configuration list for PBXProject "TildeApp" */ = {
			isa = XCConfigurationList;
			buildConfigurations = (
				FBAB2A89216FDF2A00E982F3 /* Debug */,
				FBAB2A8A216FDF2A00E982F3 /* Release */,
			);
			defaultConfigurationIsVisible = 0;
			defaultConfigurationName = Release;
		};
		FBAB2A8B216FDF2A00E982F3 /* Build configuration list for PBXNativeTarget "TildeApp" */ = {
			isa = XCConfigurationList;
			buildConfigurations = (
				FBAB2A8C216FDF2A00E982F3 /* Debug */,
				FBAB2A8D216FDF2A00E982F3 /* Release */,
			);
			defaultConfigurationIsVisible = 0;
			defaultConfigurationName = Release;
		};
/* End XCConfigurationList section */
	};
	rootObject = FBAB2A71216FDF2A00E982F3 /* Project object */;
}
